
Microsoft Visual Studio Solution File, Format Version 12.00
# Visual Studio Version 16
VisualStudioVersion = 16.0.31005.135
MinimumVisualStudioVersion = 10.0.40219.1
Project("{FAE04EC0-301F-11D3-BF4B-00C04F79EFBC}") = "CadastroClienteApp", "CadastroClienteApp.csproj", "{8412D0F5-5E1B-4907-A94F-AFFD99189898}"
EndProject
Global
	GlobalSection(SolutionConfigurationPlatforms) = preSolution
		Debug|Any CPU = Debug|Any CPU
		Release|Any CPU = Release|Any CPU
	EndGlobalSection
	GlobalSection(ProjectConfigurationPlatforms) = postSolution
		{8412D0F5-5E1B-4907-A94F-AFFD99189898}.Debug|Any CPU.ActiveCfg = Debug|Any CPU
		{8412D0F5-5E1B-4907-A94F-AFFD99189898}.Debug|Any CPU.Build.0 = Debug|Any CPU
		{8412D0F5-5E1B-4907-A94F-AFFD99189898}.Release|Any CPU.ActiveCfg = Release|Any CPU
		{8412D0F5-5E1B-4907-A94F-AFFD99189898}.Release|Any CPU.Build.0 = Release|Any CPU
	EndGlobalSection
	GlobalSection(SolutionProperties) = preSolution
		HideSolutionNode = FALSE
	EndGlobalSection
	GlobalSection(ExtensibilityGlobals) = postSolution
		SolutionGuid = {6DFDA019-53F6-43EB-B9B4-360DDC316AEA}
	EndGlobalSection
EndGlobal
